// !$*UTF8*$!
{
	archiveVersion = 1;
	classes = {
	};
	objectVersion = 77;
	objects = {

/* Begin PBXBuildFile section */
		EB7A21742F23155F0003C269 /* MobileDesignSystem in Frameworks */ = {isa = PBXBuildFile; productRef = EB7A21732F23155F0003C269 /* MobileDesignSystem */; };
/* End PBXBuildFile section */

/* Begin PBXContainerItemProxy section */
		EB7A212A2F2313E40003C269 /* PBXContainerItemProxy */ = {
			isa = PBXContainerItemProxy;
			containerPortal = EB7A21142F2313E30003C269 /* Project object */;
			proxyType = 1;
			remoteGlobalIDString = EB7A211B2F2313E30003C269;
			remoteInfo = DesignSystemExamples;
		};
		EB7A21342F2313E40003C269 /* PBXContainerItemProxy */ = {
			isa = PBXContainerItemProxy;
			containerPortal = EB7A21142F2313E30003C269 /* Project object */;
			proxyType = 1;
			remoteGlobalIDString = EB7A211B2F2313E30003C269;
			remoteInfo = DesignSystemExamples;
		};
/* End PBXContainerItemProxy section */

/* Begin PBXFileReference section */
		EB7A211C2F2313E30003C269 /* DesignSystemExamples.app */ = {isa = PBXFileReference; explicitFileType = wrapper.application; includeInIndex = 0; path = DesignSystemExamples.app; sourceTree = BUILT_PRODUCTS_DIR; };
		EB7A21292F2313E40003C269 /* DesignSystemExamplesTests.xctest */ = {isa = PBXFileReference; explicitFileType = wrapper.cfbundle; includeInIndex = 0; path = DesignSystemExamplesTests.xctest; sourceTree = BUILT_PRODUCTS_DIR; };
		EB7A21332F2313E40003C269 /* DesignSystemExamplesUITests.xctest */ = {isa = PBXFileReference; explicitFileType = wrapper.cfbundle; includeInIndex = 0; path = DesignSystemExamplesUITests.xctest; sourceTree = BUILT_PRODUCTS_DIR; };
/* End PBXFileReference section */

/* Begin PBXFileSystemSynchronizedRootGroup section */
		EB7A211E2F2313E30003C269 /* DesignSystemExamples */ = {
			isa = PBXFileSystemSynchronizedRootGroup;
			path = DesignSystemExamples;
			sourceTree = "<group>";
		};
		EB7A212C2F2313E40003C269 /* DesignSystemExamplesTests */ = {
			isa = PBXFileSystemSynchronizedRootGroup;
			path = DesignSystemExamplesTests;
			sourceTree = "<group>";
		};
		EB7A21362F2313E40003C269 /* DesignSystemExamplesUITests */ = {
			isa = PBXFileSystemSynchronizedRootGroup;
			path = DesignSystemExamplesUITests;
			sourceTree = "<group>";
		};
/* End PBXFileSystemSynchronizedRootGroup section */

/* Begin PBXFrameworksBuildPhase section */
		EB7A21192F2313E30003C269 /* Frameworks */ = {
			isa = PBXFrameworksBuildPhase;
			buildActionMask = 2147483647;
			files = (
				EB7A21742F23155F0003C269 /* MobileDesignSystem in Frameworks */,
			);
			runOnlyForDeploymentPostprocessing = 0;
		};
		EB7A21262F2313E40003C269 /* Frameworks */ = {
			isa = PBXFrameworksBuildPhase;
			buildActionMask = 2147483647;
			files = (
			);
			runOnlyForDeploymentPostprocessing = 0;
		};
		EB7A21302F2313E40003C269 /* Frameworks */ = {
			isa = PBXFrameworksBuildPhase;
			buildActionMask = 2147483647;
			files = (
			);
			runOnlyForDeploymentPostprocessing = 0;
		};
/* End PBXFrameworksBuildPhase section */

/* Begin PBXGroup section */
		EB7A21132F2313E30003C269 = {
			isa = PBXGroup;
			children = (
				EB7A211E2F2313E30003C269 /* DesignSystemExamples */,
				EB7A212C2F2313E40003C269 /* DesignSystemExamplesTests */,
				EB7A21362F2313E40003C269 /* DesignSystemExamplesUITests */,
				EB7A211D2F2313E30003C269 /* Products */,
			);
			sourceTree = "<group>";
		};
		EB7A211D2F2313E30003C269 /* Products */ = {
			isa = PBXGroup;
			children = (
				EB7A211C2F2313E30003C269 /* DesignSystemExamples.app */,
				EB7A21292F2313E40003C269 /* DesignSystemExamplesTests.xctest */,
				EB7A21332F2313E40003C269 /* DesignSystemExamplesUITests.xctest */,
			);
			name = Products;
			sourceTree = "<group>";
		};
/* End PBXGroup section */

/* Begin PBXNativeTarget section */
		EB7A211B2F2313E30003C269 /* DesignSystemExamples */ = {
			isa = PBXNativeTarget;
			buildConfigurationList = EB7A213D2F2313E40003C269 /* Build configuration list for PBXNativeTarget "DesignSystemExamples" */;
			buildPhases = (
				EB7A21182F2313E30003C269 /* Sources */,
				EB7A21192F2313E30003C269 /* Frameworks */,
				EB7A211A2F2313E30003C269 /* Resources */,
			);
			buildRules = (
			);
			dependencies = (
			);
			fileSystemSynchronizedGroups = (
				EB7A211E2F2313E30003C269 /* DesignSystemExamples */,
			);
			name = DesignSystemExamples;
			packageProductDependencies = (
				EB7A21732F23155F0003C269 /* MobileDesignSystem */,
			);
			productName = DesignSystemExamples;
			productReference = EB7A211C2F2313E30003C269 /* DesignSystemExamples.app */;
			productType = "com.apple.product-type.application";
		};
		EB7A21282F2313E40003C269 /* DesignSystemExamplesTests */ = {
			isa = PBXNativeTarget;
			buildConfigurationList = EB7A21402F2313E40003C269 /* Build configuration list for PBXNativeTarget "DesignSystemExamplesTests" */;
			buildPhases = (
				EB7A21252F2313E40003C269 /* Sources */,
				EB7A21262F2313E40003C269 /* Frameworks */,
				EB7A21272F2313E40003C269 /* Resources */,
			);
			buildRules = (
			);
			dependencies = (
				EB7A212B2F2313E40003C269 /* PBXTargetDependency */,
			);
			fileSystemSynchronizedGroups = (
				EB7A212C2F2313E40003C269 /* DesignSystemExamplesTests */,
			);
			name = DesignSystemExamplesTests;
			packageProductDependencies = (
			);
			productName = DesignSystemExamplesTests;
			productReference = EB7A21292F2313E40003C269 /* DesignSystemExamplesTests.xctest */;
			productType = "com.apple.product-type.bundle.unit-test";
		};
		EB7A21322F2313E40003C269 /* DesignSystemExamplesUITests */ = {
			isa = PBXNativeTarget;
			buildConfigurationList = EB7A21432F2313E40003C269 /* Build configuration list for PBXNativeTarget "DesignSystemExamplesUITests" */;
			buildPhases = (
				EB7A212F2F2313E40003C269 /* Sources */,
				EB7A21302F2313E40003C269 /* Frameworks */,
				EB7A21312F2313E40003C269 /* Resources */,
			);
			buildRules = (
			);
			dependencies = (
				EB7A21352F2313E40003C269 /* PBXTargetDependency */,
			);
			fileSystemSynchronizedGroups = (
				EB7A21362F2313E40003C269 /* DesignSystemExamplesUITests */,
			);
			name = DesignSystemExamplesUITests;
			packageProductDependencies = (
			);
			productName = DesignSystemExamplesUITests;
			productReference = EB7A21332F2313E40003C269 /* DesignSystemExamplesUITests.xctest */;
			productType = "com.apple.product-type.bundle.ui-testing";
		};
/* End PBXNativeTarget section */

/* Begin PBXProject section */
		EB7A21142F2313E30003C269 /* Project object */ = {
			isa = PBXProject;
			attributes = {
				BuildIndependentTargetsInParallel = 1;
				LastSwiftUpdateCheck = 2620;
				LastUpgradeCheck = 2620;
				TargetAttributes = {
					EB7A211B2F2313E30003C269 = {
						CreatedOnToolsVersion = 26.2;
					};
					EB7A21282F2313E40003C269 = {
						CreatedOnToolsVersion = 26.2;
						TestTargetID = EB7A211B2F2313E30003C269;
					};
					EB7A21322F2313E40003C269 = {
						CreatedOnToolsVersion = 26.2;
						TestTargetID = EB7A211B2F2313E30003C269;
					};
				};
			};
			buildConfigurationList = EB7A21172F2313E30003C269 /* Build configuration list for PBXProject "DesignSystemExamples" */;
			developmentRegion = en;
			hasScannedForEncodings = 0;
			knownRegions = (
				en,
				Base,
			);
			mainGroup = EB7A21132F2313E30003C269;
			minimizedProjectReferenceProxies = 1;
			packageReferences = (
				EB7A21722F23155F0003C269 /* XCLocalSwiftPackageReference "../../MobileDesignSystem" */,
			);
			preferredProjectObjectVersion = 77;
			productRefGroup = EB7A211D2F2313E30003C269 /* Products */;
			projectDirPath = "";
			projectRoot = "";
			targets = (
				EB7A211B2F2313E30003C269 /* DesignSystemExamples */,
				EB7A21282F2313E40003C269 /* DesignSystemExamplesTests */,
				EB7A21322F2313E40003C269 /* DesignSystemExamplesUITests */,
			);
		};
/* End PBXProject section */

/* Begin PBXResourcesBuildPhase section */
		EB7A211A2F2313E30003C269 /* Resources */ = {
			isa = PBXResourcesBuildPhase;
			buildActionMask = 2147483647;
			files = (
			);
			runOnlyForDeploymentPostprocessing = 0;
		};
		EB7A21272F2313E40003C269 /* Resources */ = {
			isa = PBXResourcesBuildPhase;
			buildActionMask = 2147483647;
			files = (
			);
			runOnlyForDeploymentPostprocessing = 0;
		};
		EB7A21312F2313E40003C269 /* Resources */ = {
			isa = PBXResourcesBuildPhase;
			buildActionMask = 2147483647;
			files = (
			);
			runOnlyForDeploymentPostprocessing = 0;
		};
/* End PBXResourcesBuildPhase section */

/* Begin PBXSourcesBuildPhase section */
		EB7A21182F2313E30003C269 /* Sources */ = {
			isa = PBXSourcesBuildPhase;
			buildActionMask = 2147483647;
			files = (
			);
			runOnlyForDeploymentPostprocessing = 0;
		};
		EB7A21252F2313E40003C269 /* Sources */ = {
			isa = PBXSourcesBuildPhase;
			buildActionMask = 2147483647;
			files = (
			);
			runOnlyForDeploymentPostprocessing = 0;
		};
		EB7A212F2F2313E40003C269 /* Sources */ = {
			isa = PBXSourcesBuildPhase;
			buildActionMask = 2147483647;
			files = (
			);
			runOnlyForDeploymentPostprocessing = 0;
		};
/* End PBXSourcesBuildPhase section */

/* Begin PBXTargetDependency section */
		EB7A212B2F2313E40003C269 /* PBXTargetDependency */ = {
			isa = PBXTargetDependency;
			target = EB7A211B2F2313E30003C269 /* DesignSystemExamples */;
			targetProxy = EB7A212A2F2313E40003C269 /* PBXContainerItemProxy */;
		};
		EB7A21352F2313E40003C269 /* PBXTargetDependency */ = {
			isa = PBXTargetDependency;
			target = EB7A211B2F2313E30003C269 /* DesignSystemExamples */;
			targetProxy = EB7A21342F2313E40003C269 /* PBXContainerItemProxy */;
		};
/* End PBXTargetDependency section */

/* Begin XCBuildConfiguration section */
		EB7A213B2F2313E40003C269 /* Debug */ = {
			isa = XCBuildConfiguration;
			buildSettings = {
				ALWAYS_SEARCH_USER_PATHS = NO;
				ASSETCATALOG_COMPILER_GENERATE_SWIFT_ASSET_SYMBOL_EXTENSIONS = YES;
				CLANG_ANALYZER_NONNULL = YES;
				CLANG_ANALYZER_NUMBER_OBJECT_CONVERSION = YES_AGGRESSIVE;
				CLANG_CXX_LANGUAGE_STANDARD = "gnu++20";
				CLANG_ENABLE_MODULES = YES;
				CLANG_ENABLE_OBJC_ARC = YES;
				CLANG_ENABLE_OBJC_WEAK = YES;
				CLANG_WARN_BLOCK_CAPTURE_AUTORELEASING = YES;
				CLANG_WARN_BOOL_CONVERSION = YES;
				CLANG_WARN_COMMA = YES;
				CLANG_WARN_CONSTANT_CONVERSION = YES;
				CLANG_WARN_DEPRECATED_OBJC_IMPLEMENTATIONS = YES;
				CLANG_WARN_DIRECT_OBJC_ISA_USAGE = YES_ERROR;
				CLANG_WARN_DOCUMENTATION_COMMENTS = YES;
				CLANG_WARN_EMPTY_BODY = YES;
				CLANG_WARN_ENUM_CONVERSION = YES;
				CLANG_WARN_INFINITE_RECURSION = YES;
				CLANG_WARN_INT_CONVERSION = YES;
				CLANG_WARN_NON_LITERAL_NULL_CONVERSION = YES;
				CLANG_WARN_OBJC_IMPLICIT_RETAIN_SELF = YES;
				CLANG_WARN_OBJC_LITERAL_CONVERSION = YES;
				CLANG_WARN_OBJC_ROOT_CLASS = YES_ERROR;
				CLANG_WARN_QUOTED_INCLUDE_IN_FRAMEWORK_HEADER = YES;
				CLANG_WARN_RANGE_LOOP_ANALYSIS = YES;
				CLANG_WARN_STRICT_PROTOTYPES = YES;
				CLANG_WARN_SUSPICIOUS_MOVE = YES;
				CLANG_WARN_UNGUARDED_AVAILABILITY = YES_AGGRESSIVE;
				CLANG_WARN_UNREACHABLE_CODE = YES;
				CLANG_WARN__DUPLICATE_METHOD_MATCH = YES;
				COPY_PHASE_STRIP = NO;
				DEBUG_INFORMATION_FORMAT = dwarf;
				DEVELOPMENT_TEAM = RVVZN534DY;
				ENABLE_STRICT_OBJC_MSGSEND = YES;
				ENABLE_TESTABILITY = YES;
				ENABLE_USER_SCRIPT_SANDBOXING = YES;
				GCC_C_LANGUAGE_STANDARD = gnu17;
				GCC_DYNAMIC_NO_PIC = NO;
				GCC_NO_COMMON_BLOCKS = YES;
				GCC_OPTIMIZATION_LEVEL = 0;
				GCC_PREPROCESSOR_DEFINITIONS = (
					"DEBUG=1",
					"$(inherited)",
				);
				GCC_WARN_64_TO_32_BIT_CONVERSION = YES;
				GCC_WARN_ABOUT_RETURN_TYPE = YES_ERROR;
				GCC_WARN_UNDECLARED_SELECTOR = YES;
				GCC_WARN_UNINITIALIZED_AUTOS = YES_AGGRESSIVE;
				GCC_WARN_UNUSED_FUNCTION = YES;
				GCC_WARN_UNUSED_VARIABLE = YES;
				IPHONEOS_DEPLOYMENT_TARGET = 26.2;
				LOCALIZATION_PREFERS_STRING_CATALOGS = YES;
				MTL_ENABLE_DEBUG_INFO = INCLUDE_SOURCE;
				MTL_FAST_MATH = YES;
				ONLY_ACTIVE_ARCH = YES;
				SDKROOT = iphoneos;
				SWIFT_ACTIVE_COMPILATION_CONDITIONS = "DEBUG $(inherited)";
				SWIFT_OPTIMIZATION_LEVEL = "-Onone";
				SWIFT_STRICT_CONCURRENCY = complete;
				SWIFT_VERSION = 6.0;
			};
			name = Debug;
		};
		EB7A213C2F2313E40003C269 /* Release */ = {
			isa = XCBuildConfiguration;
			buildSettings = {
				ALWAYS_SEARCH_USER_PATHS = NO;
				ASSETCATALOG_COMPILER_GENERATE_SWIFT_ASSET_SYMBOL_EXTENSIONS = YES;
				CLANG_ANALYZER_NONNULL = YES;
				CLANG_ANALYZER_NUMBER_OBJECT_CONVERSION = YES_AGGRESSIVE;
				CLANG_CXX_LANGUAGE_STANDARD = "gnu++20";
				CLANG_ENABLE_MODULES = YES;
				CLANG_ENABLE_OBJC_ARC = YES;
				CLANG_ENABLE_OBJC_WEAK = YES;
				CLANG_WARN_BLOCK_CAPTURE_AUTORELEASING = YES;
				CLANG_WARN_BOOL_CONVERSION = YES;
				CLANG_WARN_COMMA = YES;
				CLANG_WARN_CONSTANT_CONVERSION = YES;
				CLANG_WARN_DEPRECATED_OBJC_IMPLEMENTATIONS = YES;
				CLANG_WARN_DIRECT_OBJC_ISA_USAGE = YES_ERROR;
				CLANG_WARN_DOCUMENTATION_COMMENTS = YES;
				CLANG_WARN_EMPTY_BODY = YES;
				CLANG_WARN_ENUM_CONVERSION = YES;
				CLANG_WARN_INFINITE_RECURSION = YES;
				CLANG_WARN_INT_CONVERSION = YES;
				CLANG_WARN_NON_LITERAL_NULL_CONVERSION = YES;
				CLANG_WARN_OBJC_IMPLICIT_RETAIN_SELF = YES;
				CLANG_WARN_OBJC_LITERAL_CONVERSION = YES;
				CLANG_WARN_OBJC_ROOT_CLASS = YES_ERROR;
				CLANG_WARN_QUOTED_INCLUDE_IN_FRAMEWORK_HEADER = YES;
				CLANG_WARN_RANGE_LOOP_ANALYSIS = YES;
				CLANG_WARN_STRICT_PROTOTYPES = YES;
				CLANG_WARN_SUSPICIOUS_MOVE = YES;
				CLANG_WARN_UNGUARDED_AVAILABILITY = YES_AGGRESSIVE;
				CLANG_WARN_UNREACHABLE_CODE = YES;
				CLANG_WARN__DUPLICATE_METHOD_MATCH = YES;
				COPY_PHASE_STRIP = NO;
				DEBUG_INFORMATION_FORMAT = "dwarf-with-dsym";
				DEVELOPMENT_TEAM = RVVZN534DY;
				ENABLE_NS_ASSERTIONS = NO;
				ENABLE_STRICT_OBJC_MSGSEND = YES;
				ENABLE_USER_SCRIPT_SANDBOXING = YES;
				GCC_C_LANGUAGE_STANDARD = gnu17;
				GCC_NO_COMMON_BLOCKS = YES;
				GCC_WARN_64_TO_32_BIT_CONVERSION = YES;
				GCC_WARN_ABOUT_RETURN_TYPE = YES_ERROR;
				GCC_WARN_UNDECLARED_SELECTOR = YES;
				GCC_WARN_UNINITIALIZED_AUTOS = YES_AGGRESSIVE;
				GCC_WARN_UNUSED_FUNCTION = YES;
				GCC_WARN_UNUSED_VARIABLE = YES;
				IPHONEOS_DEPLOYMENT_TARGET = 26.2;
				LOCALIZATION_PREFERS_STRING_CATALOGS = YES;
				MTL_ENABLE_DEBUG_INFO = NO;
				MTL_FAST_MATH = YES;
				SDKROOT = iphoneos;
				SWIFT_COMPILATION_MODE = wholemodule;
				SWIFT_STRICT_CONCURRENCY = complete;
				SWIFT_VERSION = 6.0;
				VALIDATE_PRODUCT = YES;
			};
			name = Release;
		};
		EB7A213E2F2313E40003C269 /* Debug */ = {
			isa = XCBuildConfiguration;
			buildSettings = {
				ASSETCATALOG_COMPILER_APPICON_NAME = AppIcon;
				ASSETCATALOG_COMPILER_GLOBAL_ACCENT_COLOR_NAME = AccentColor;
				CODE_SIGN_STYLE = Automatic;
				CURRENT_PROJECT_VERSION = 1;
				DEVELOPMENT_TEAM = RVVZN534DY;
				ENABLE_PREVIEWS = YES;
				GENERATE_INFOPLIST_FILE = YES;
				INFOPLIST_KEY_UIApplicationSceneManifest_Generation = YES;
				INFOPLIST_KEY_UIApplicationSupportsIndirectInputEvents = YES;
				INFOPLIST_KEY_UILaunchScreen_Generation = YES;
				INFOPLIST_KEY_UISupportedInterfaceOrientations_iPad = "UIInterfaceOrientationPortrait UIInterfaceOrientationPortraitUpsideDown UIInterfaceOrientationLandscapeLeft UIInterfaceOrientationLandscapeRight";
				INFOPLIST_KEY_UISupportedInterfaceOrientations_iPhone = "UIInterfaceOrientationPortrait UIInterfaceOrientationLandscapeLeft UIInterfaceOrientationLandscapeRight";
				IPHONEOS_DEPLOYMENT_TARGET = 16.6;
				LD_RUNPATH_SEARCH_PATHS = (
					"$(inherited)",
					"@executable_path/Frameworks",
				);
				MARKETING_VERSION = 1.0;
				PRODUCT_BUNDLE_IDENTIFIER = SJ.DesignSystemExamples;
				PRODUCT_NAME = "$(TARGET_NAME)";
				STRING_CATALOG_GENERATE_SYMBOLS = YES;
				SWIFT_APPROACHABLE_CONCURRENCY = YES;
				SWIFT_DEFAULT_ACTOR_ISOLATION = MainActor;
				SWIFT_EMIT_LOC_STRINGS = YES;
				SWIFT_UPCOMING_FEATURE_MEMBER_IMPORT_VISIBILITY = YES;
				SWIFT_VERSION = 6.0;
				TARGETED_DEVICE_FAMILY = "1,2";
			};
			name = Debug;
		};
		EB7A213F2F2313E40003C269 /* Release */ = {
			isa = XCBuildConfiguration;
			buildSettings = {
				ASSETCATALOG_COMPILER_APPICON_NAME = AppIcon;
				ASSETCATALOG_COMPILER_GLOBAL_ACCENT_COLOR_NAME = AccentColor;
				CODE_SIGN_STYLE = Automatic;
				CURRENT_PROJECT_VERSION = 1;
				DEVELOPMENT_TEAM = RVVZN534DY;
				ENABLE_PREVIEWS = YES;
				GENERATE_INFOPLIST_FILE = YES;
				INFOPLIST_KEY_UIApplicationSceneManifest_Generation = YES;
				INFOPLIST_KEY_UIApplicationSupportsIndirectInputEvents = YES;
				INFOPLIST_KEY_UILaunchScreen_Generation = YES;
				INFOPLIST_KEY_UISupportedInterfaceOrientations_iPad = "UIInterfaceOrientationPortrait UIInterfaceOrientationPortraitUpsideDown UIInterfaceOrientationLandscapeLeft UIInterfaceOrientationLandscapeRight";
				INFOPLIST_KEY_UISupportedInterfaceOrientations_iPhone = "UIInterfaceOrientationPortrait UIInterfaceOrientationLandscapeLeft UIInterfaceOrientationLandscapeRight";
				IPHONEOS_DEPLOYMENT_TARGET = 16.6;
				LD_RUNPATH_SEARCH_PATHS = (
					"$(inherited)",
					"@executable_path/Frameworks",
				);
				MARKETING_VERSION = 1.0;
				PRODUCT_BUNDLE_IDENTIFIER = SJ.DesignSystemExamples;
				PRODUCT_NAME = "$(TARGET_NAME)";
				STRING_CATALOG_GENERATE_SYMBOLS = YES;
				SWIFT_APPROACHABLE_CONCURRENCY = YES;
				SWIFT_DEFAULT_ACTOR_ISOLATION = MainActor;
				SWIFT_EMIT_LOC_STRINGS = YES;
				SWIFT_UPCOMING_FEATURE_MEMBER_IMPORT_VISIBILITY = YES;
				SWIFT_VERSION = 6.0;
				TARGETED_DEVICE_FAMILY = "1,2";
			};
			name = Release;
		};
		EB7A21412F2313E40003C269 /* Debug */ = {
			isa = XCBuildConfiguration;
			buildSettings = {
				BUNDLE_LOADER = "$(TEST_HOST)";
				CODE_SIGN_STYLE = Automatic;
				CURRENT_PROJECT_VERSION = 1;
				DEVELOPMENT_TEAM = RVVZN534DY;
				GENERATE_INFOPLIST_FILE = YES;
				IPHONEOS_DEPLOYMENT_TARGET = 26.2;
				MARKETING_VERSION = 1.0;
				PRODUCT_BUNDLE_IDENTIFIER = SJ.DesignSystemExamplesTests;
				PRODUCT_NAME = "$(TARGET_NAME)";
				STRING_CATALOG_GENERATE_SYMBOLS = NO;
				SWIFT_APPROACHABLE_CONCURRENCY = YES;
				SWIFT_EMIT_LOC_STRINGS = NO;
				SWIFT_UPCOMING_FEATURE_MEMBER_IMPORT_VISIBILITY = YES;
				SWIFT_VERSION = 5.0;
				TARGETED_DEVICE_FAMILY = "1,2";
				TEST_HOST = "$(BUILT_PRODUCTS_DIR)/DesignSystemExamples.app/$(BUNDLE_EXECUTABLE_FOLDER_PATH)/DesignSystemExamples";
			};
			name = Debug;
		};
		EB7A21422F2313E40003C269 /* Release */ = {
			isa = XCBuildConfiguration;
			buildSettings = {
				BUNDLE_LOADER = "$(TEST_HOST)";
				CODE_SIGN_STYLE = Automatic;
				CURRENT_PROJECT_VERSION = 1;
				DEVELOPMENT_TEAM = RVVZN534DY;
				GENERATE_INFOPLIST_FILE = YES;
				IPHONEOS_DEPLOYMENT_TARGET = 26.2;
				MARKETING_VERSION = 1.0;
				PRODUCT_BUNDLE_IDENTIFIER = SJ.DesignSystemExamplesTests;
				PRODUCT_NAME = "$(TARGET_NAME)";
				STRING_CATALOG_GENERATE_SYMBOLS = NO;
				SWIFT_APPROACHABLE_CONCURRENCY = YES;
				SWIFT_EMIT_LOC_STRINGS = NO;
				SWIFT_UPCOMING_FEATURE_MEMBER_IMPORT_VISIBILITY = YES;
				SWIFT_VERSION = 5.0;
				TARGETED_DEVICE_FAMILY = "1,2";
				TEST_HOST = "$(BUILT_PRODUCTS_DIR)/DesignSystemExamples.app/$(BUNDLE_EXECUTABLE_FOLDER_PATH)/DesignSystemExamples";
			};
			name = Release;
		};
		EB7A21442F2313E40003C269 /* Debug */ = {
			isa = XCBuildConfiguration;
			buildSettings = {
				CODE_SIGN_STYLE = Automatic;
				CURRENT_PROJECT_VERSION = 1;
				DEVELOPMENT_TEAM = RVVZN534DY;
				GENERATE_INFOPLIST_FILE = YES;
				MARKETING_VERSION = 1.0;
				PRODUCT_BUNDLE_IDENTIFIER = SJ.DesignSystemExamplesUITests;
				PRODUCT_NAME = "$(TARGET_NAME)";
				STRING_CATALOG_GENERATE_SYMBOLS = NO;
				SWIFT_APPROACHABLE_CONCURRENCY = YES;
				SWIFT_EMIT_LOC_STRINGS = NO;
				SWIFT_UPCOMING_FEATURE_MEMBER_IMPORT_VISIBILITY = YES;
				SWIFT_VERSION = 5.0;
				TARGETED_DEVICE_FAMILY = "1,2";
				TEST_TARGET_NAME = DesignSystemExamples;
			};
			name = Debug;
		};
		EB7A21452F2313E40003C269 /* Release */ = {
			isa = XCBuildConfiguration;
			buildSettings = {
				CODE_SIGN_STYLE = Automatic;
				CURRENT_PROJECT_VERSION = 1;
				DEVELOPMENT_TEAM = RVVZN534DY;
				GENERATE_INFOPLIST_FILE = YES;
				MARKETING_VERSION = 1.0;
				PRODUCT_BUNDLE_IDENTIFIER = SJ.DesignSystemExamplesUITests;
				PRODUCT_NAME = "$(TARGET_NAME)";
				STRING_CATALOG_GENERATE_SYMBOLS = NO;
				SWIFT_APPROACHABLE_CONCURRENCY = YES;
				SWIFT_EMIT_LOC_STRINGS = NO;
				SWIFT_UPCOMING_FEATURE_MEMBER_IMPORT_VISIBILITY = YES;
				SWIFT_VERSION = 5.0;
				TARGETED_DEVICE_FAMILY = "1,2";
				TEST_TARGET_NAME = DesignSystemExamples;
			};
			name = Release;
		};
/* End XCBuildConfiguration section */

/* Begin XCConfigurationList section */
		EB7A21172F2313E30003C269 /* Build configuration list for PBXProject "DesignSystemExamples" */ = {
			isa = XCConfigurationList;
			buildConfigurations = (
				EB7A213B2F2313E40003C269 /* Debug */,
				EB7A213C2F2313E40003C269 /* Release */,
			);
			defaultConfigurationIsVisible = 0;
			defaultConfigurationName = Release;
		};
		EB7A213D2F2313E40003C269 /* Build configuration list for PBXNativeTarget "DesignSystemExamples" */ = {
			isa = XCConfigurationList;
			buildConfigurations = (
				EB7A213E2F2313E40003C269 /* Debug */,
				EB7A213F2F2313E40003C269 /* Release */,
			);
			defaultConfigurationIsVisible = 0;
			defaultConfigurationName = Release;
		};
		EB7A21402F2313E40003C269 /* Build configuration list for PBXNativeTarget "DesignSystemExamplesTests" */ = {
			isa = XCConfigurationList;
			buildConfigurations = (
				EB7A21412F2313E40003C269 /* Debug */,
				EB7A21422F2313E40003C269 /* Release */,
			);
			defaultConfigurationIsVisible = 0;
			defaultConfigurationName = Release;
		};
		EB7A21432F2313E40003C269 /* Build configuration list for PBXNativeTarget "DesignSystemExamplesUITests" */ = {
			isa = XCConfigurationList;
			buildConfigurations = (
				EB7A21442F2313E40003C269 /* Debug */,
				EB7A21452F2313E40003C269 /* Release */,
			);
			defaultConfigurationIsVisible = 0;
			defaultConfigurationName = Release;
		};
/* End XCConfigurationList section */

/* Begin XCLocalSwiftPackageReference section */
		EB7A21722F23155F0003C269 /* XCLocalSwiftPackageReference "../../MobileDesignSystem" */ = {
			isa = XCLocalSwiftPackageReference;
			relativePath = ../../MobileDesignSystem;
		};
/* End XCLocalSwiftPackageReference section */

/* Begin XCSwiftPackageProductDependency section */
		EB7A21732F23155F0003C269 /* MobileDesignSystem */ = {
			isa = XCSwiftPackageProductDependency;
			productName = MobileDesignSystem;
		};
/* End XCSwiftPackageProductDependency section */
	};
	rootObject = EB7A21142F2313E30003C269 /* Project object */;
}
